PODS:
  - Flutter (1.0.0)
  - shared_preferences_foundation (0.0.1):
    - Flutter
    - FlutterMacOS
  - yandex_mapkit (0.0.1):
    - Flutter
    - YandexMapsMobile (= 4.4.0-full)
  - YandexMapsMobile (4.4.0-full)

DEPENDENCIES:
  - Flutter (from `Flutter`)
  - shared_preferences_foundation (from `.symlinks/plugins/shared_preferences_foundation/darwin`)
  - yandex_mapkit (from `.symlinks/plugins/yandex_mapkit/ios`)

SPEC REPOS:
  trunk:
    - YandexMapsMobile

EXTERNAL SOURCES:
  Flutter:
    :path: Flutter
  shared_preferences_foundation:
    :path: ".symlinks/plugins/shared_preferences_foundation/darwin"
  yandex_mapkit:
    :path: ".symlinks/plugins/yandex_mapkit/ios"

SPEC CHECKSUMS:
  Flutter: e0871f40cf51350855a761d2e70bf5af5b9b5de7
  shared_preferences_foundation: 9e1978ff2562383bd5676f64ec4e9aa8fa06a6f7
  yandex_mapkit: dda136f4fe32dd7cde622891fb9293286f4441b2
  YandexMapsMobile: a76ddceccf2d78f9f1034d07a354810cd21ef21a

PODFILE CHECKSUM: 6413aeae5162a51f4fc2aeb2e53ace8525afa8cd

COCOAPODS: 1.16.2
